PODS:
  - SSZipArchive (2.4.2)
  - TCBeautyPanel (1.0.20210827):
    - SSZipArchive (~> 2.4.2)
  - TXLiteAVSDK_Professional (9.0.10433)
  - UGCKit (1.0.20210828):
    - TCBeautyPanel (~> 1.0.20210827)
    - TXLiteAVSDK_Professional (~> 9.0.10433)

DEPENDENCIES:
  - UGCKit (from `../`)

SPEC REPOS:
  trunk:
    - SSZipArchive
    - TCBeautyPanel
    - TXLiteAVSDK_Professional

EXTERNAL SOURCES:
  UGCKit:
    :path: "../"

SPEC CHECKSUMS:
  SSZipArchive: e7b4f3d9e780c2acc1764cd88fbf2de28f26e5b2
  TCBeautyPanel: d98c3aec22f5674a4e475cbb976a59acc5cc7b3a
  TXLiteAVSDK_Professional: b3b177c78bb08575fb5c2a85e9bcc061fbeba1d9
  UGCKit: b26a44f76f6b662ad98b90497aad4262edd14a91

PODFILE CHECKSUM: 994fb308027ba113a1f8f21697ad7cb8dcbab702

COCOAPODS: 1.10.1
